[[package]]
name = "rust_let_lang"
version = "0.1.0"
dependencies = [
 "simple-error 0.1.11 (registry+https://github.com/rust-lang/crates.io-index)",
]

[[package]]
name = "simple-error"
version = "0.1.11"
source = "registry+https://github.com/rust-lang/crates.io-index"

[metadata]
"checksum simple-error 0.1.11 (registry+https://github.com/rust-lang/crates.io-index)" = "7779d1977a9e1e50bebb430a57114acc64bc4c40d6d8efb3e57893531d5fd895"
